// !$*UTF8*$!
{
	archiveVersion = 1;
	classes = {
	};
	objectVersion = 46;
	objects = {

/* Begin PBXBuildFile section */
		2F1E8BC1162480B800BA29D3 /* kard.c in Sources */ = {isa = PBXBuildFile; fileRef = 2F1E8BC0162480B800BA29D3 /* kard.c */; };
		2F1E8BC3162480B800BA29D3 /* KARD.1 in CopyFiles */ = {isa = PBXBuildFile; fileRef = 2F1E8BC2162480B800BA29D3 /* KARD.1 */; };
		2F1E8BD116248D5D00BA29D3 /* libsdk.a in Frameworks */ = {isa = PBXBuildFile; fileRef = 2F1E8BD016248D5D00BA29D3 /* libsdk.a */; };
		2F1E8BD316248DAD00BA29D3 /* libpc_ardrone.a in Frameworks */ = {isa = PBXBuildFile; fileRef = 2F1E8BD216248DAD00BA29D3 /* libpc_ardrone.a */; };
		2F1E8BD516248DBA00BA29D3 /* libvlib.a in Frameworks */ = {isa = PBXBuildFile; fileRef = 2F1E8BD416248DBA00BA29D3 /* libvlib.a */; };
		2F22E45E165D7FB100754B30 /* vision.c in Sources */ = {isa = PBXBuildFile; fileRef = 2F22E45C165D7FB100754B30 /* vision.c */; };
		2F22E46A165D80A200754B30 /* display_stage.c in Sources */ = {isa = PBXBuildFile; fileRef = 2F22E463165D80A200754B30 /* display_stage.c */; };
		2F22E46B165D80A200754B30 /* post_stage.c in Sources */ = {isa = PBXBuildFile; fileRef = 2F22E465165D80A200754B30 /* post_stage.c */; };
		2F22E46C165D80A200754B30 /* pre_stage.c in Sources */ = {isa = PBXBuildFile; fileRef = 2F22E467165D80A200754B30 /* pre_stage.c */; };
		2F22E46F165D812100754B30 /* libopencv_core.dylib in Frameworks */ = {isa = PBXBuildFile; fileRef = 2F22E46D165D812100754B30 /* libopencv_core.dylib */; };
		2F22E470165D812100754B30 /* libopencv_highgui.dylib in Frameworks */ = {isa = PBXBuildFile; fileRef = 2F22E46E165D812100754B30 /* libopencv_highgui.dylib */; };
		2F22E472165D818300754B30 /* libopencv_imgproc.dylib in Frameworks */ = {isa = PBXBuildFile; fileRef = 2F22E471165D818300754B30 /* libopencv_imgproc.dylib */; };
		2F22E477165D81DE00754B30 /* pilot.c in Sources */ = {isa = PBXBuildFile; fileRef = 2F22E460165D80A200754B30 /* pilot.c */; };
		2F22E481165FB57700754B30 /* navdata.c in Sources */ = {isa = PBXBuildFile; fileRef = 2F22E47F165FB57700754B30 /* navdata.c */; };
		2F22E483165FC1AB00754B30 /* SamplesConfig.xml in CopyFiles */ = {isa = PBXBuildFile; fileRef = 2F22E482165FB5C100754B30 /* SamplesConfig.xml */; };
		2F3E31101624B0350040B19B /* libavutil.a in Frameworks */ = {isa = PBXBuildFile; fileRef = 2F3E310F1624B0350040B19B /* libavutil.a */; };
		2F3E31121624B05A0040B19B /* libavcodec.a in Frameworks */ = {isa = PBXBuildFile; fileRef = 2F3E31111624B05A0040B19B /* libavcodec.a */; };
		2F3E31141624B0A50040B19B /* libswscale.a in Frameworks */ = {isa = PBXBuildFile; fileRef = 2F3E31131624B0A50040B19B /* libswscale.a */; };
		2F3E311C1625CABD0040B19B /* libcurses.dylib in Frameworks */ = {isa = PBXBuildFile; fileRef = 2F3E311B1625CABD0040B19B /* libcurses.dylib */; };
		2FB37627165ACFA1009D6263 /* OpenGL.framework in Frameworks */ = {isa = PBXBuildFile; fileRef = 2FB37626165ACFA1009D6263 /* OpenGL.framework */; };
		2FB3762B165ACFB3009D6263 /* libOpenNI.dylib in Frameworks */ = {isa = PBXBuildFile; fileRef = 2FB3762A165ACFB3009D6263 /* libOpenNI.dylib */; };
/* End PBXBuildFile section */

/* Begin PBXCopyFilesBuildPhase section */
		2F1E8BBA162480B800BA29D3 /* CopyFiles */ = {
			isa = PBXCopyFilesBuildPhase;
			buildActionMask = 2147483647;
			dstPath = usr/share/man/man1;
			dstSubfolderSpec = 0;
			files = (
				2F1E8BC3162480B800BA29D3 /* KARD.1 in CopyFiles */,
				2F22E483165FC1AB00754B30 /* SamplesConfig.xml in CopyFiles */,
			);
			runOnlyForDeploymentPostprocessing = 1;
		};
/* End PBXCopyFilesBuildPhase section */

/* Begin PBXFileReference section */
		2F1E8BBC162480B800BA29D3 /* KARD */ = {isa = PBXFileReference; explicitFileType = "compiled.mach-o.executable"; includeInIndex = 0; path = KARD; sourceTree = BUILT_PRODUCTS_DIR; };
		2F1E8BC0162480B800BA29D3 /* kard.c */ = {isa = PBXFileReference; lastKnownFileType = sourcecode.c.c; path = kard.c; sourceTree = "<group>"; };
		2F1E8BC2162480B800BA29D3 /* KARD.1 */ = {isa = PBXFileReference; lastKnownFileType = text.man; path = KARD.1; sourceTree = "<group>"; };
		2F1E8BD016248D5D00BA29D3 /* libsdk.a */ = {isa = PBXFileReference; lastKnownFileType = archive.ar; name = libsdk.a; path = Libraries/libsdk.a; sourceTree = "<group>"; };
		2F1E8BD216248DAD00BA29D3 /* libpc_ardrone.a */ = {isa = PBXFileReference; lastKnownFileType = archive.ar; name = libpc_ardrone.a; path = Libraries/libpc_ardrone.a; sourceTree = "<group>"; };
		2F1E8BD416248DBA00BA29D3 /* libvlib.a */ = {isa = PBXFileReference; lastKnownFileType = archive.ar; name = libvlib.a; path = Libraries/libvlib.a; sourceTree = "<group>"; };
		2F22E45C165D7FB100754B30 /* vision.c */ = {isa = PBXFileReference; fileEncoding = 4; lastKnownFileType = sourcecode.c.c; path = vision.c; sourceTree = "<group>"; };
		2F22E45D165D7FB100754B30 /* vision.h */ = {isa = PBXFileReference; fileEncoding = 4; lastKnownFileType = sourcecode.c.h; path = vision.h; sourceTree = "<group>"; };
		2F22E460165D80A200754B30 /* pilot.c */ = {isa = PBXFileReference; fileEncoding = 4; lastKnownFileType = sourcecode.c.c; path = pilot.c; sourceTree = "<group>"; };
		2F22E461165D80A200754B30 /* pilot.h */ = {isa = PBXFileReference; fileEncoding = 4; lastKnownFileType = sourcecode.c.h; path = pilot.h; sourceTree = "<group>"; };
		2F22E463165D80A200754B30 /* display_stage.c */ = {isa = PBXFileReference; fileEncoding = 4; lastKnownFileType = sourcecode.c.c; path = display_stage.c; sourceTree = "<group>"; };
		2F22E464165D80A200754B30 /* display_stage.h */ = {isa = PBXFileReference; fileEncoding = 4; lastKnownFileType = sourcecode.c.h; path = display_stage.h; sourceTree = "<group>"; };
		2F22E465165D80A200754B30 /* post_stage.c */ = {isa = PBXFileReference; fileEncoding = 4; lastKnownFileType = sourcecode.c.c; path = post_stage.c; sourceTree = "<group>"; };
		2F22E466165D80A200754B30 /* post_stage.h */ = {isa = PBXFileReference; fileEncoding = 4; lastKnownFileType = sourcecode.c.h; path = post_stage.h; sourceTree = "<group>"; };
		2F22E467165D80A200754B30 /* pre_stage.c */ = {isa = PBXFileReference; fileEncoding = 4; lastKnownFileType = sourcecode.c.c; path = pre_stage.c; sourceTree = "<group>"; };
		2F22E468165D80A200754B30 /* pre_stage.h */ = {isa = PBXFileReference; fileEncoding = 4; lastKnownFileType = sourcecode.c.h; path = pre_stage.h; sourceTree = "<group>"; };
		2F22E46D165D812100754B30 /* libopencv_core.dylib */ = {isa = PBXFileReference; lastKnownFileType = "compiled.mach-o.dylib"; name = libopencv_core.dylib; path = /usr/local/lib/libopencv_core.dylib; sourceTree = "<absolute>"; };
		2F22E46E165D812100754B30 /* libopencv_highgui.dylib */ = {isa = PBXFileReference; lastKnownFileType = "compiled.mach-o.dylib"; name = libopencv_highgui.dylib; path = /usr/local/lib/libopencv_highgui.dylib; sourceTree = "<absolute>"; };
		2F22E471165D818300754B30 /* libopencv_imgproc.dylib */ = {isa = PBXFileReference; lastKnownFileType = "compiled.mach-o.dylib"; name = libopencv_imgproc.dylib; path = /usr/local/lib/libopencv_imgproc.dylib; sourceTree = "<absolute>"; };
		2F22E47F165FB57700754B30 /* navdata.c */ = {isa = PBXFileReference; fileEncoding = 4; lastKnownFileType = sourcecode.c.c; name = navdata.c; path = navdata/navdata.c; sourceTree = "<group>"; };
		2F22E480165FB57700754B30 /* navdata.h */ = {isa = PBXFileReference; fileEncoding = 4; lastKnownFileType = sourcecode.c.h; name = navdata.h; path = navdata/navdata.h; sourceTree = "<group>"; };
		2F22E482165FB5C100754B30 /* SamplesConfig.xml */ = {isa = PBXFileReference; fileEncoding = 4; lastKnownFileType = text.xml; name = SamplesConfig.xml; path = KARD/data/SamplesConfig.xml; sourceTree = "<group>"; };
		2F3E310F1624B0350040B19B /* libavutil.a */ = {isa = PBXFileReference; lastKnownFileType = archive.ar; name = libavutil.a; path = /usr/local/Cellar/ffmpeg/0.8.7/lib/libavutil.a; sourceTree = "<absolute>"; };
		2F3E31111624B05A0040B19B /* libavcodec.a */ = {isa = PBXFileReference; lastKnownFileType = archive.ar; name = libavcodec.a; path = /usr/local/Cellar/ffmpeg/0.8.7/lib/libavcodec.a; sourceTree = "<absolute>"; };
		2F3E31131624B0A50040B19B /* libswscale.a */ = {isa = PBXFileReference; lastKnownFileType = archive.ar; name = libswscale.a; path = /usr/local/Cellar/ffmpeg/0.8.7/lib/libswscale.a; sourceTree = "<absolute>"; };
		2F3E311B1625CABD0040B19B /* libcurses.dylib */ = {isa = PBXFileReference; lastKnownFileType = "compiled.mach-o.dylib"; name = libcurses.dylib; path = usr/lib/libcurses.dylib; sourceTree = SDKROOT; };
		2F3E311D162624D40040B19B /* control.h */ = {isa = PBXFileReference; lastKnownFileType = sourcecode.c.h; path = control.h; sourceTree = "<group>"; };
		2F3E3121162625C00040B19B /* control.c */ = {isa = PBXFileReference; fileEncoding = 4; lastKnownFileType = sourcecode.c.c; path = control.c; sourceTree = "<group>"; };
		2FB37626165ACFA1009D6263 /* OpenGL.framework */ = {isa = PBXFileReference; lastKnownFileType = wrapper.framework; name = OpenGL.framework; path = System/Library/Frameworks/OpenGL.framework; sourceTree = SDKROOT; };
		2FB37628165ACFA5009D6263 /* GLUT.framework */ = {isa = PBXFileReference; lastKnownFileType = wrapper.framework; name = GLUT.framework; path = System/Library/Frameworks/GLUT.framework; sourceTree = SDKROOT; };
		2FB3762A165ACFB3009D6263 /* libOpenNI.dylib */ = {isa = PBXFileReference; lastKnownFileType = "compiled.mach-o.dylib"; name = libOpenNI.dylib; path = "/usr/local/Cellar/openni/unstable-1.5.4.0/lib/libOpenNI.dylib"; sourceTree = "<absolute>"; };
		2FC2FE18162C7E8E003EF17F /* kard.h */ = {isa = PBXFileReference; lastKnownFileType = sourcecode.c.h; path = kard.h; sourceTree = "<group>"; };
		2FC2FE19162C8222003EF17F /* api.h */ = {isa = PBXFileReference; fileEncoding = 4; lastKnownFileType = sourcecode.c.h; path = api.h; sourceTree = "<group>"; };
/* End PBXFileReference section */

/* Begin PBXFrameworksBuildPhase section */
		2F1E8BB9162480B800BA29D3 /* Frameworks */ = {
			isa = PBXFrameworksBuildPhase;
			buildActionMask = 2147483647;
			files = (
				2FB3762B165ACFB3009D6263 /* libOpenNI.dylib in Frameworks */,
				2FB37627165ACFA1009D6263 /* OpenGL.framework in Frameworks */,
				2F3E311C1625CABD0040B19B /* libcurses.dylib in Frameworks */,
				2F3E31141624B0A50040B19B /* libswscale.a in Frameworks */,
				2F3E31121624B05A0040B19B /* libavcodec.a in Frameworks */,
				2F3E31101624B0350040B19B /* libavutil.a in Frameworks */,
				2F1E8BD516248DBA00BA29D3 /* libvlib.a in Frameworks */,
				2F1E8BD316248DAD00BA29D3 /* libpc_ardrone.a in Frameworks */,
				2F1E8BD116248D5D00BA29D3 /* libsdk.a in Frameworks */,
				2F22E46F165D812100754B30 /* libopencv_core.dylib in Frameworks */,
				2F22E470165D812100754B30 /* libopencv_highgui.dylib in Frameworks */,
				2F22E472165D818300754B30 /* libopencv_imgproc.dylib in Frameworks */,
			);
			runOnlyForDeploymentPostprocessing = 0;
		};
/* End PBXFrameworksBuildPhase section */

/* Begin PBXGroup section */
		2F1E8BB1162480B800BA29D3 = {
			isa = PBXGroup;
			children = (
				2FB3762C165ACFC9009D6263 /* Data */,
				2F3E310E1624B0060040B19B /* Libraries */,
				2F3E310C1624AFFE0040B19B /* Frameworks */,
				2F1E8BBF162480B800BA29D3 /* KARD */,
				2F1E8BBD162480B800BA29D3 /* Products */,
			);
			sourceTree = "<group>";
		};
		2F1E8BBD162480B800BA29D3 /* Products */ = {
			isa = PBXGroup;
			children = (
				2F1E8BBC162480B800BA29D3 /* KARD */,
			);
			name = Products;
			sourceTree = "<group>";
		};
		2F1E8BBF162480B800BA29D3 /* KARD */ = {
			isa = PBXGroup;
			children = (
				2F22E479165D846900754B30 /* navdata */,
				2F22E478165D845C00754B30 /* control */,
				2F22E45F165D805500754B30 /* pilot */,
				2F22E45B165D7FB100754B30 /* vision */,
				2FC2FE19162C8222003EF17F /* api.h */,
				2FC2FE18162C7E8E003EF17F /* kard.h */,
				2F1E8BC0162480B800BA29D3 /* kard.c */,
				2F1E8BC2162480B800BA29D3 /* KARD.1 */,
			);
			path = KARD;
			sourceTree = "<group>";
		};
		2F22E45B165D7FB100754B30 /* vision */ = {
			isa = PBXGroup;
			children = (
				2F22E45C165D7FB100754B30 /* vision.c */,
				2F22E45D165D7FB100754B30 /* vision.h */,
			);
			path = vision;
			sourceTree = "<group>";
		};
		2F22E45F165D805500754B30 /* pilot */ = {
			isa = PBXGroup;
			children = (
				2F22E460165D80A200754B30 /* pilot.c */,
				2F22E461165D80A200754B30 /* pilot.h */,
				2F22E462165D80A200754B30 /* video */,
			);
			path = pilot;
			sourceTree = "<group>";
		};
		2F22E462165D80A200754B30 /* video */ = {
			isa = PBXGroup;
			children = (
				2F22E463165D80A200754B30 /* display_stage.c */,
				2F22E464165D80A200754B30 /* display_stage.h */,
				2F22E465165D80A200754B30 /* post_stage.c */,
				2F22E466165D80A200754B30 /* post_stage.h */,
				2F22E467165D80A200754B30 /* pre_stage.c */,
				2F22E468165D80A200754B30 /* pre_stage.h */,
			);
			path = video;
			sourceTree = "<group>";
		};
		2F22E473165D818A00754B30 /* OpenCV */ = {
			isa = PBXGroup;
			children = (
				2F22E46D165D812100754B30 /* libopencv_core.dylib */,
				2F22E46E165D812100754B30 /* libopencv_highgui.dylib */,
				2F22E471165D818300754B30 /* libopencv_imgproc.dylib */,
			);
			name = OpenCV;
			sourceTree = "<group>";
		};
		2F22E474165D819400754B30 /* OpenNI */ = {
			isa = PBXGroup;
			children = (
				2FB3762A165ACFB3009D6263 /* libOpenNI.dylib */,
			);
			name = OpenNI;
			sourceTree = "<group>";
		};
		2F22E475165D819C00754B30 /* FFMPEG */ = {
			isa = PBXGroup;
			children = (
				2F3E31131624B0A50040B19B /* libswscale.a */,
				2F3E31111624B05A0040B19B /* libavcodec.a */,
				2F3E310F1624B0350040B19B /* libavutil.a */,
				2F1E8BD416248DBA00BA29D3 /* libvlib.a */,
			);
			name = FFMPEG;
			sourceTree = "<group>";
		};
		2F22E476165D81A900754B30 /* ARDrone */ = {
			isa = PBXGroup;
			children = (
				2F1E8BD216248DAD00BA29D3 /* libpc_ardrone.a */,
				2F1E8BD016248D5D00BA29D3 /* libsdk.a */,
			);
			name = ARDrone;
			sourceTree = "<group>";
		};
		2F22E478165D845C00754B30 /* control */ = {
			isa = PBXGroup;
			children = (
				2F3E311D162624D40040B19B /* control.h */,
				2F3E3121162625C00040B19B /* control.c */,
			);
			name = control;
			sourceTree = "<group>";
		};
		2F22E479165D846900754B30 /* navdata */ = {
			isa = PBXGroup;
			children = (
				2F22E47F165FB57700754B30 /* navdata.c */,
				2F22E480165FB57700754B30 /* navdata.h */,
			);
			name = navdata;
			sourceTree = "<group>";
		};
		2F3E310C1624AFFE0040B19B /* Frameworks */ = {
			isa = PBXGroup;
			children = (
				2FB37628165ACFA5009D6263 /* GLUT.framework */,
				2FB37626165ACFA1009D6263 /* OpenGL.framework */,
			);
			name = Frameworks;
			sourceTree = "<group>";
		};
		2F3E310E1624B0060040B19B /* Libraries */ = {
			isa = PBXGroup;
			children = (
				2F22E476165D81A900754B30 /* ARDrone */,
				2F22E475165D819C00754B30 /* FFMPEG */,
				2F22E474165D819400754B30 /* OpenNI */,
				2F22E473165D818A00754B30 /* OpenCV */,
				2F3E311B1625CABD0040B19B /* libcurses.dylib */,
			);
			name = Libraries;
			sourceTree = "<group>";
		};
		2FB3762C165ACFC9009D6263 /* Data */ = {
			isa = PBXGroup;
			children = (
				2F22E482165FB5C100754B30 /* SamplesConfig.xml */,
			);
			name = Data;
			sourceTree = "<group>";
		};
/* End PBXGroup section */

/* Begin PBXNativeTarget section */
		2F1E8BBB162480B800BA29D3 /* KARD */ = {
			isa = PBXNativeTarget;
			buildConfigurationList = 2F1E8BC6162480B800BA29D3 /* Build configuration list for PBXNativeTarget "KARD" */;
			buildPhases = (
				2F1E8BB8162480B800BA29D3 /* Sources */,
				2F1E8BB9162480B800BA29D3 /* Frameworks */,
				2F1E8BBA162480B800BA29D3 /* CopyFiles */,
			);
			buildRules = (
			);
			dependencies = (
			);
			name = KARD;
			productName = KARD;
			productReference = 2F1E8BBC162480B800BA29D3 /* KARD */;
			productType = "com.apple.product-type.tool";
		};
/* End PBXNativeTarget section */

/* Begin PBXProject section */
		2F1E8BB3162480B800BA29D3 /* Project object */ = {
			isa = PBXProject;
			attributes = {
				LastUpgradeCheck = 0450;
				ORGANIZATIONNAME = ICAD;
			};
			buildConfigurationList = 2F1E8BB6162480B800BA29D3 /* Build configuration list for PBXProject "KARD" */;
			compatibilityVersion = "Xcode 3.2";
			developmentRegion = English;
			hasScannedForEncodings = 0;
			knownRegions = (
				en,
			);
			mainGroup = 2F1E8BB1162480B800BA29D3;
			productRefGroup = 2F1E8BBD162480B800BA29D3 /* Products */;
			projectDirPath = "";
			projectRoot = "";
			targets = (
				2F1E8BBB162480B800BA29D3 /* KARD */,
			);
		};
/* End PBXProject section */

/* Begin PBXSourcesBuildPhase section */
		2F1E8BB8162480B800BA29D3 /* Sources */ = {
			isa = PBXSourcesBuildPhase;
			buildActionMask = 2147483647;
			files = (
				2F1E8BC1162480B800BA29D3 /* kard.c in Sources */,
				2F22E45E165D7FB100754B30 /* vision.c in Sources */,
				2F22E46A165D80A200754B30 /* display_stage.c in Sources */,
				2F22E477165D81DE00754B30 /* pilot.c in Sources */,
				2F22E46B165D80A200754B30 /* post_stage.c in Sources */,
				2F22E46C165D80A200754B30 /* pre_stage.c in Sources */,
				2F22E481165FB57700754B30 /* navdata.c in Sources */,
			);
			runOnlyForDeploymentPostprocessing = 0;
		};
/* End PBXSourcesBuildPhase section */

/* Begin XCBuildConfiguration section */
		2F1E8BC4162480B800BA29D3 /* Debug */ = {
			isa = XCBuildConfiguration;
			buildSettings = {
				ALWAYS_SEARCH_USER_PATHS = NO;
				ARCHS = "$(ARCHS_STANDARD_64_BIT)";
				CLANG_CXX_LANGUAGE_STANDARD = "gnu++0x";
				CLANG_CXX_LIBRARY = "libc++";
				CLANG_ENABLE_OBJC_ARC = YES;
				CLANG_WARN_EMPTY_BODY = YES;
				CLANG_WARN__DUPLICATE_METHOD_MATCH = YES;
				COPY_PHASE_STRIP = NO;
				GCC_C_LANGUAGE_STANDARD = gnu99;
				GCC_DYNAMIC_NO_PIC = NO;
				GCC_ENABLE_OBJC_EXCEPTIONS = YES;
				GCC_INCREASE_PRECOMPILED_HEADER_SHARING = YES;
				GCC_OPTIMIZATION_LEVEL = 0;
				GCC_PRECOMPILE_PREFIX_HEADER = YES;
				GCC_PREPROCESSOR_DEFINITIONS = (
					"DEBUG=1",
					"$(inherited)",
				);
				GCC_SYMBOLS_PRIVATE_EXTERN = NO;
				GCC_WARN_64_TO_32_BIT_CONVERSION = YES;
				GCC_WARN_ABOUT_RETURN_TYPE = YES;
				GCC_WARN_UNINITIALIZED_AUTOS = YES;
				GCC_WARN_UNUSED_VARIABLE = YES;
				HEADER_SEARCH_PATHS = (
					"$(SRCROOT)/ARDrone/OSX/ARDroneLib/**",
					/usr/local/include/ni,
					/usr/local/include,
					"$(SRCROOT)/ARDrone/OSX/ARDroneLib/Soft/**",
					/opt/X11/include,
				);
				LIBRARY_SEARCH_PATHS = (
					"$(SRCROOT)/Libraries/",
					/usr/local/Cellar/ffmpeg/0.8.7/lib,
					"\"/usr/local/Cellar/openni/unstable-1.5.4.0/lib\"",
					"/usr/local/lib/**",
					/opt/X11/lib,
				);
				MACOSX_DEPLOYMENT_TARGET = 10.7;
				ONLY_ACTIVE_ARCH = YES;
				OTHER_LDFLAGS = "-lGLUT";
				SDKROOT = "";
			};
			name = Debug;
		};
		2F1E8BC5162480B800BA29D3 /* Release */ = {
			isa = XCBuildConfiguration;
			buildSettings = {
				ALWAYS_SEARCH_USER_PATHS = NO;
				ARCHS = "$(ARCHS_STANDARD_64_BIT)";
				CLANG_CXX_LANGUAGE_STANDARD = "gnu++0x";
				CLANG_CXX_LIBRARY = "libc++";
				CLANG_ENABLE_OBJC_ARC = YES;
				CLANG_WARN_EMPTY_BODY = YES;
				CLANG_WARN__DUPLICATE_METHOD_MATCH = YES;
				COPY_PHASE_STRIP = YES;
				DEBUG_INFORMATION_FORMAT = "dwarf-with-dsym";
				GCC_C_LANGUAGE_STANDARD = gnu99;
				GCC_ENABLE_OBJC_EXCEPTIONS = YES;
				GCC_INCREASE_PRECOMPILED_HEADER_SHARING = YES;
				GCC_PRECOMPILE_PREFIX_HEADER = YES;
				GCC_WARN_64_TO_32_BIT_CONVERSION = YES;
				GCC_WARN_ABOUT_RETURN_TYPE = YES;
				GCC_WARN_UNINITIALIZED_AUTOS = YES;
				GCC_WARN_UNUSED_VARIABLE = YES;
				HEADER_SEARCH_PATHS = (
					"$(SRCROOT)/ARDrone/OSX/ARDroneLib/**",
					/usr/local/include/ni,
					/usr/local/include,
					"$(SRCROOT)/ARDrone/OSX/ARDroneLib/Soft/**",
					/opt/X11/include,
				);
				LIBRARY_SEARCH_PATHS = (
					"$(SRCROOT)/Libraries/",
					/usr/local/Cellar/ffmpeg/0.8.7/lib,
					"\"/usr/local/Cellar/openni/unstable-1.5.4.0/lib\"",
					"/usr/local/lib/**",
					/opt/X11/lib,
				);
				MACOSX_DEPLOYMENT_TARGET = 10.7;
				ONLY_ACTIVE_ARCH = YES;
				OTHER_LDFLAGS = "-lGLUT";
				SDKROOT = "";
			};
			name = Release;
		};
		2F1E8BC7162480B800BA29D3 /* Debug */ = {
			isa = XCBuildConfiguration;
			buildSettings = {
				HEADER_SEARCH_PATHS = (
					"$(inherited)/**",
					"$(SRCROOT)/ARDrone/OSX/ARDroneLib/**",
					"/usr/local/include/**",
					/usr/local/include/ni,
				);
				LIBRARY_SEARCH_PATHS = (
					"$(inherited)",
					"/usr/local/lib/**",
					"/usr/local/Cellar/**",
				);
				PRODUCT_NAME = "$(TARGET_NAME)";
			};
			name = Debug;
		};
		2F1E8BC8162480B800BA29D3 /* Release */ = {
			isa = XCBuildConfiguration;
			buildSettings = {
				HEADER_SEARCH_PATHS = (
					"$(inherited)/**",
					"$(SRCROOT)/ARDrone/OSX/ARDroneLib/**",
					"/usr/local/include/**",
					/usr/local/include/ni,
				);
				LIBRARY_SEARCH_PATHS = (
					"$(inherited)",
					"/usr/local/lib/**",
					"/usr/local/Cellar/**",
				);
				PRODUCT_NAME = "$(TARGET_NAME)";
			};
			name = Release;
		};
/* End XCBuildConfiguration section */

/* Begin XCConfigurationList section */
		2F1E8BB6162480B800BA29D3 /* Build configuration list for PBXProject "KARD" */ = {
			isa = XCConfigurationList;
			buildConfigurations = (
				2F1E8BC4162480B800BA29D3 /* Debug */,
				2F1E8BC5162480B800BA29D3 /* Release */,
			);
			defaultConfigurationIsVisible = 0;
			defaultConfigurationName = Release;
		};
		2F1E8BC6162480B800BA29D3 /* Build configuration list for PBXNativeTarget "KARD" */ = {
			isa = XCConfigurationList;
			buildConfigurations = (
				2F1E8BC7162480B800BA29D3 /* Debug */,
				2F1E8BC8162480B800BA29D3 /* Release */,
			);
			defaultConfigurationIsVisible = 0;
			defaultConfigurationName = Release;
		};
/* End XCConfigurationList section */
	};
	rootObject = 2F1E8BB3162480B800BA29D3 /* Project object */;
}
